
Microsoft Visual Studio Solution File, Format Version 12.00
# Visual Studio Version 16
VisualStudioVersion = 16.0.30320.27
MinimumVisualStudioVersion = 10.0.40219.1
Project("{FAE04EC0-301F-11D3-BF4B-00C04F79EFBC}") = "HalloTPL", "HalloTPL\HalloTPL.csproj", "{B6077C5F-1263-4D9A-BB4E-25957F978C09}"
EndProject
Global
	GlobalSection(SolutionConfigurationPlatforms) = preSolution
		Debug|Any CPU = Debug|Any CPU
		Release|Any CPU = Release|Any CPU
	EndGlobalSection
	GlobalSection(ProjectConfigurationPlatforms) = postSolution
		{B6077C5F-1263-4D9A-BB4E-25957F978C09}.Debug|Any CPU.ActiveCfg = Debug|Any CPU
		{B6077C5F-1263-4D9A-BB4E-25957F978C09}.Debug|Any CPU.Build.0 = Debug|Any CPU
		{B6077C5F-1263-4D9A-BB4E-25957F978C09}.Release|Any CPU.ActiveCfg = Release|Any CPU
		{B6077C5F-1263-4D9A-BB4E-25957F978C09}.Release|Any CPU.Build.0 = Release|Any CPU
	EndGlobalSection
	GlobalSection(SolutionProperties) = preSolution
		HideSolutionNode = FALSE
	EndGlobalSection
	GlobalSection(ExtensibilityGlobals) = postSolution
		SolutionGuid = {73D2D210-D20A-44BC-AA36-F4804837177D}
	EndGlobalSection
EndGlobal
