
Microsoft Visual Studio Solution File, Format Version 12.00
# Visual Studio Version 16
VisualStudioVersion = 16.0.30320.27
MinimumVisualStudioVersion = 10.0.40219.1
Project("{FAE04EC0-301F-11D3-BF4B-00C04F79EFBC}") = "TDDBank", "TDDBank\TDDBank.csproj", "{2E5B38D8-0F33-4751-BD81-99CFBEE50097}"
EndProject
Project("{FAE04EC0-301F-11D3-BF4B-00C04F79EFBC}") = "TDDBank.Tests", "TDDBank.Tests\TDDBank.Tests.csproj", "{51DB359E-8890-4FCE-8507-E87D8E4F3FA1}"
EndProject
Global
	GlobalSection(SolutionConfigurationPlatforms) = preSolution
		Debug|Any CPU = Debug|Any CPU
		Release|Any CPU = Release|Any CPU
	EndGlobalSection
	GlobalSection(ProjectConfigurationPlatforms) = postSolution
		{2E5B38D8-0F33-4751-BD81-99CFBEE50097}.Debug|Any CPU.ActiveCfg = Debug|Any CPU
		{2E5B38D8-0F33-4751-BD81-99CFBEE50097}.Debug|Any CPU.Build.0 = Debug|Any CPU
		{2E5B38D8-0F33-4751-BD81-99CFBEE50097}.Release|Any CPU.ActiveCfg = Release|Any CPU
		{2E5B38D8-0F33-4751-BD81-99CFBEE50097}.Release|Any CPU.Build.0 = Release|Any CPU
		{51DB359E-8890-4FCE-8507-E87D8E4F3FA1}.Debug|Any CPU.ActiveCfg = Debug|Any CPU
		{51DB359E-8890-4FCE-8507-E87D8E4F3FA1}.Debug|Any CPU.Build.0 = Debug|Any CPU
		{51DB359E-8890-4FCE-8507-E87D8E4F3FA1}.Release|Any CPU.ActiveCfg = Release|Any CPU
		{51DB359E-8890-4FCE-8507-E87D8E4F3FA1}.Release|Any CPU.Build.0 = Release|Any CPU
	EndGlobalSection
	GlobalSection(SolutionProperties) = preSolution
		HideSolutionNode = FALSE
	EndGlobalSection
	GlobalSection(ExtensibilityGlobals) = postSolution
		SolutionGuid = {DC11EF5E-E54D-4B7D-B7AE-0A364317C5E9}
	EndGlobalSection
EndGlobal
